// !$*UTF8*$!
{
	archiveVersion = 1;
	classes = {
	};
	objectVersion = 54;
	objects = {

/* Begin PBXBuildFile section */
		A3CFF2B9269FFAB400A26F22 /* AppDelegate.swift in Sources */ = {isa = PBXBuildFile; fileRef = A3CFF2B8269FFAB400A26F22 /* AppDelegate.swift */; };
		A3CFF2BB269FFAB400A26F22 /* SceneDelegate.swift in Sources */ = {isa = PBXBuildFile; fileRef = A3CFF2BA269FFAB400A26F22 /* SceneDelegate.swift */; };
		A3CFF2C2269FFAB500A26F22 /* Assets.xcassets in Resources */ = {isa = PBXBuildFile; fileRef = A3CFF2C1269FFAB500A26F22 /* Assets.xcassets */; };
		A3CFF2C5269FFAB500A26F22 /* LaunchScreen.storyboard in Resources */ = {isa = PBXBuildFile; fileRef = A3CFF2C3269FFAB500A26F22 /* LaunchScreen.storyboard */; };
		A3CFF2D4269FFDC000A26F22 /* HomeViewController.swift in Sources */ = {isa = PBXBuildFile; fileRef = A3CFF2D3269FFDC000A26F22 /* HomeViewController.swift */; };
		A3CFF2D6269FFE4500A26F22 /* ListViewController.swift in Sources */ = {isa = PBXBuildFile; fileRef = A3CFF2D5269FFE4500A26F22 /* ListViewController.swift */; };
		A3CFF2D8269FFFB400A26F22 /* TabBarViewController.swift in Sources */ = {isa = PBXBuildFile; fileRef = A3CFF2D7269FFFB400A26F22 /* TabBarViewController.swift */; };
		A3CFF2FA26A00C2600A26F22 /* Extension.swift in Sources */ = {isa = PBXBuildFile; fileRef = A3CFF2F926A00C2600A26F22 /* Extension.swift */; };
		A3CFF2FC26A0AFF700A26F22 /* MapView.swift in Sources */ = {isa = PBXBuildFile; fileRef = A3CFF2FB26A0AFF700A26F22 /* MapView.swift */; };
		A3CFF30226A10D8F00A26F22 /* SearchViewController.swift in Sources */ = {isa = PBXBuildFile; fileRef = A3CFF30126A10D8F00A26F22 /* SearchViewController.swift */; };
		A3EEB57926A215F0003FAD5B /* SearchResultViewController.swift in Sources */ = {isa = PBXBuildFile; fileRef = A3EEB57826A215F0003FAD5B /* SearchResultViewController.swift */; };
		A3EEB57D26A24FEE003FAD5B /* SearchResultCellViewModel.swift in Sources */ = {isa = PBXBuildFile; fileRef = A3EEB57C26A24FEE003FAD5B /* SearchResultCellViewModel.swift */; };
		A3EEB57F26A250E2003FAD5B /* SearchResultTableViewCell.swift in Sources */ = {isa = PBXBuildFile; fileRef = A3EEB57E26A250E2003FAD5B /* SearchResultTableViewCell.swift */; };
/* End PBXBuildFile section */

/* Begin PBXFileReference section */
		A3CFF2B5269FFAB400A26F22 /* FoodDraw.app */ = {isa = PBXFileReference; explicitFileType = wrapper.application; includeInIndex = 0; path = FoodDraw.app; sourceTree = BUILT_PRODUCTS_DIR; };
		A3CFF2B8269FFAB400A26F22 /* AppDelegate.swift */ = {isa = PBXFileReference; lastKnownFileType = sourcecode.swift; path = AppDelegate.swift; sourceTree = "<group>"; };
		A3CFF2BA269FFAB400A26F22 /* SceneDelegate.swift */ = {isa = PBXFileReference; lastKnownFileType = sourcecode.swift; path = SceneDelegate.swift; sourceTree = "<group>"; };
		A3CFF2C1269FFAB500A26F22 /* Assets.xcassets */ = {isa = PBXFileReference; lastKnownFileType = folder.assetcatalog; path = Assets.xcassets; sourceTree = "<group>"; };
		A3CFF2C4269FFAB500A26F22 /* Base */ = {isa = PBXFileReference; lastKnownFileType = file.storyboard; name = Base; path = Base.lproj/LaunchScreen.storyboard; sourceTree = "<group>"; };
		A3CFF2C6269FFAB500A26F22 /* Info.plist */ = {isa = PBXFileReference; lastKnownFileType = text.plist.xml; path = Info.plist; sourceTree = "<group>"; };
		A3CFF2D3269FFDC000A26F22 /* HomeViewController.swift */ = {isa = PBXFileReference; lastKnownFileType = sourcecode.swift; path = HomeViewController.swift; sourceTree = "<group>"; };
		A3CFF2D5269FFE4500A26F22 /* ListViewController.swift */ = {isa = PBXFileReference; lastKnownFileType = sourcecode.swift; path = ListViewController.swift; sourceTree = "<group>"; };
		A3CFF2D7269FFFB400A26F22 /* TabBarViewController.swift */ = {isa = PBXFileReference; lastKnownFileType = sourcecode.swift; path = TabBarViewController.swift; sourceTree = "<group>"; };
		A3CFF2F926A00C2600A26F22 /* Extension.swift */ = {isa = PBXFileReference; lastKnownFileType = sourcecode.swift; path = Extension.swift; sourceTree = "<group>"; };
		A3CFF2FB26A0AFF700A26F22 /* MapView.swift */ = {isa = PBXFileReference; lastKnownFileType = sourcecode.swift; path = MapView.swift; sourceTree = "<group>"; };
		A3CFF30126A10D8F00A26F22 /* SearchViewController.swift */ = {isa = PBXFileReference; lastKnownFileType = sourcecode.swift; path = SearchViewController.swift; sourceTree = "<group>"; };
		A3EEB57826A215F0003FAD5B /* SearchResultViewController.swift */ = {isa = PBXFileReference; lastKnownFileType = sourcecode.swift; path = SearchResultViewController.swift; sourceTree = "<group>"; };
		A3EEB57C26A24FEE003FAD5B /* SearchResultCellViewModel.swift */ = {isa = PBXFileReference; lastKnownFileType = sourcecode.swift; path = SearchResultCellViewModel.swift; sourceTree = "<group>"; };
		A3EEB57E26A250E2003FAD5B /* SearchResultTableViewCell.swift */ = {isa = PBXFileReference; lastKnownFileType = sourcecode.swift; path = SearchResultTableViewCell.swift; sourceTree = "<group>"; };
/* End PBXFileReference section */

/* Begin PBXFrameworksBuildPhase section */
		A3CFF2B2269FFAB400A26F22 /* Frameworks */ = {
			isa = PBXFrameworksBuildPhase;
			buildActionMask = 2147483647;
			files = (
			);
			runOnlyForDeploymentPostprocessing = 0;
		};
/* End PBXFrameworksBuildPhase section */

/* Begin PBXGroup section */
		A3CFF2AC269FFAB400A26F22 = {
			isa = PBXGroup;
			children = (
				A3CFF2B7269FFAB400A26F22 /* FoodDraw */,
				A3CFF2B6269FFAB400A26F22 /* Products */,
			);
			sourceTree = "<group>";
		};
		A3CFF2B6269FFAB400A26F22 /* Products */ = {
			isa = PBXGroup;
			children = (
				A3CFF2B5269FFAB400A26F22 /* FoodDraw.app */,
			);
			name = Products;
			sourceTree = "<group>";
		};
		A3CFF2B7269FFAB400A26F22 /* FoodDraw */ = {
			isa = PBXGroup;
			children = (
				A3CFF2D2269FFCD800A26F22 /* Managers */,
				A3CFF2D1269FFCD300A26F22 /* Resources */,
				A3CFF2D0269FFCC000A26F22 /* ViewModels */,
				A3CFF2CF269FFCBC00A26F22 /* Models */,
				A3CFF2CE269FFCB500A26F22 /* Views */,
				A3CFF2CC269FFB5300A26F22 /* Controllers */,
			);
			path = FoodDraw;
			sourceTree = "<group>";
		};
		A3CFF2CC269FFB5300A26F22 /* Controllers */ = {
			isa = PBXGroup;
			children = (
				A3CFF2D7269FFFB400A26F22 /* TabBarViewController.swift */,
				A3CFF2D3269FFDC000A26F22 /* HomeViewController.swift */,
				A3CFF2D5269FFE4500A26F22 /* ListViewController.swift */,
				A3CFF30126A10D8F00A26F22 /* SearchViewController.swift */,
				A3EEB57826A215F0003FAD5B /* SearchResultViewController.swift */,
			);
			path = Controllers;
			sourceTree = "<group>";
		};
		A3CFF2CE269FFCB500A26F22 /* Views */ = {
			isa = PBXGroup;
			children = (
				A3CFF2C3269FFAB500A26F22 /* LaunchScreen.storyboard */,
				A3CFF2FB26A0AFF700A26F22 /* MapView.swift */,
				A3EEB57E26A250E2003FAD5B /* SearchResultTableViewCell.swift */,
			);
			path = Views;
			sourceTree = "<group>";
		};
		A3CFF2CF269FFCBC00A26F22 /* Models */ = {
			isa = PBXGroup;
			children = (
			);
			path = Models;
			sourceTree = "<group>";
		};
		A3CFF2D0269FFCC000A26F22 /* ViewModels */ = {
			isa = PBXGroup;
			children = (
				A3EEB57C26A24FEE003FAD5B /* SearchResultCellViewModel.swift */,
			);
			path = ViewModels;
			sourceTree = "<group>";
		};
		A3CFF2D1269FFCD300A26F22 /* Resources */ = {
			isa = PBXGroup;
			children = (
				A3CFF2C1269FFAB500A26F22 /* Assets.xcassets */,
				A3CFF2C6269FFAB500A26F22 /* Info.plist */,
				A3CFF2B8269FFAB400A26F22 /* AppDelegate.swift */,
				A3CFF2BA269FFAB400A26F22 /* SceneDelegate.swift */,
				A3CFF2F926A00C2600A26F22 /* Extension.swift */,
			);
			path = Resources;
			sourceTree = "<group>";
		};
		A3CFF2D2269FFCD800A26F22 /* Managers */ = {
			isa = PBXGroup;
			children = (
			);
			path = Managers;
			sourceTree = "<group>";
		};
/* End PBXGroup section */

/* Begin PBXNativeTarget section */
		A3CFF2B4269FFAB400A26F22 /* FoodDraw */ = {
			isa = PBXNativeTarget;
			buildConfigurationList = A3CFF2C9269FFAB500A26F22 /* Build configuration list for PBXNativeTarget "FoodDraw" */;
			buildPhases = (
				A3CFF2B1269FFAB400A26F22 /* Sources */,
				A3CFF2B2269FFAB400A26F22 /* Frameworks */,
				A3CFF2B3269FFAB400A26F22 /* Resources */,
			);
			buildRules = (
			);
			dependencies = (
			);
			name = FoodDraw;
			productName = FoodDraw;
			productReference = A3CFF2B5269FFAB400A26F22 /* FoodDraw.app */;
			productType = "com.apple.product-type.application";
		};
/* End PBXNativeTarget section */

/* Begin PBXProject section */
		A3CFF2AD269FFAB400A26F22 /* Project object */ = {
			isa = PBXProject;
			attributes = {
				BuildIndependentTargetsInParallel = 1;
				LastSwiftUpdateCheck = 1300;
				LastUpgradeCheck = 1300;
				TargetAttributes = {
					A3CFF2B4269FFAB400A26F22 = {
						CreatedOnToolsVersion = 13.0;
					};
				};
			};
			buildConfigurationList = A3CFF2B0269FFAB400A26F22 /* Build configuration list for PBXProject "FoodDraw" */;
			compatibilityVersion = "Xcode 12.0";
			developmentRegion = en;
			hasScannedForEncodings = 0;
			knownRegions = (
				en,
				Base,
			);
			mainGroup = A3CFF2AC269FFAB400A26F22;
			productRefGroup = A3CFF2B6269FFAB400A26F22 /* Products */;
			projectDirPath = "";
			projectRoot = "";
			targets = (
				A3CFF2B4269FFAB400A26F22 /* FoodDraw */,
			);
		};
/* End PBXProject section */

/* Begin PBXResourcesBuildPhase section */
		A3CFF2B3269FFAB400A26F22 /* Resources */ = {
			isa = PBXResourcesBuildPhase;
			buildActionMask = 2147483647;
			files = (
				A3CFF2C5269FFAB500A26F22 /* LaunchScreen.storyboard in Resources */,
				A3CFF2C2269FFAB500A26F22 /* Assets.xcassets in Resources */,
			);
			runOnlyForDeploymentPostprocessing = 0;
		};
/* End PBXResourcesBuildPhase section */

/* Begin PBXSourcesBuildPhase section */
		A3CFF2B1269FFAB400A26F22 /* Sources */ = {
			isa = PBXSourcesBuildPhase;
			buildActionMask = 2147483647;
			files = (
				A3CFF30226A10D8F00A26F22 /* SearchViewController.swift in Sources */,
				A3EEB57F26A250E2003FAD5B /* SearchResultTableViewCell.swift in Sources */,
				A3EEB57926A215F0003FAD5B /* SearchResultViewController.swift in Sources */,
				A3CFF2FC26A0AFF700A26F22 /* MapView.swift in Sources */,
				A3CFF2B9269FFAB400A26F22 /* AppDelegate.swift in Sources */,
				A3CFF2BB269FFAB400A26F22 /* SceneDelegate.swift in Sources */,
				A3CFF2D6269FFE4500A26F22 /* ListViewController.swift in Sources */,
				A3CFF2FA26A00C2600A26F22 /* Extension.swift in Sources */,
				A3EEB57D26A24FEE003FAD5B /* SearchResultCellViewModel.swift in Sources */,
				A3CFF2D8269FFFB400A26F22 /* TabBarViewController.swift in Sources */,
				A3CFF2D4269FFDC000A26F22 /* HomeViewController.swift in Sources */,
			);
			runOnlyForDeploymentPostprocessing = 0;
		};
/* End PBXSourcesBuildPhase section */

/* Begin PBXVariantGroup section */
		A3CFF2C3269FFAB500A26F22 /* LaunchScreen.storyboard */ = {
			isa = PBXVariantGroup;
			children = (
				A3CFF2C4269FFAB500A26F22 /* Base */,
			);
			name = LaunchScreen.storyboard;
			sourceTree = "<group>";
		};
/* End PBXVariantGroup section */

/* Begin XCBuildConfiguration section */
		A3CFF2C7269FFAB500A26F22 /* Debug */ = {
			isa = XCBuildConfiguration;
			buildSettings = {
				ALWAYS_SEARCH_USER_PATHS = NO;
				CLANG_ANALYZER_NONNULL = YES;
				CLANG_ANALYZER_NUMBER_OBJECT_CONVERSION = YES_AGGRESSIVE;
				CLANG_CXX_LANGUAGE_STANDARD = "gnu++14";
				CLANG_CXX_LIBRARY = "libc++";
				CLANG_ENABLE_MODULES = YES;
				CLANG_ENABLE_OBJC_ARC = YES;
				CLANG_ENABLE_OBJC_WEAK = YES;
				CLANG_WARN_BLOCK_CAPTURE_AUTORELEASING = YES;
				CLANG_WARN_BOOL_CONVERSION = YES;
				CLANG_WARN_COMMA = YES;
				CLANG_WARN_CONSTANT_CONVERSION = YES;
				CLANG_WARN_DEPRECATED_OBJC_IMPLEMENTATIONS = YES;
				CLANG_WARN_DIRECT_OBJC_ISA_USAGE = YES_ERROR;
				CLANG_WARN_DOCUMENTATION_COMMENTS = YES;
				CLANG_WARN_EMPTY_BODY = YES;
				CLANG_WARN_ENUM_CONVERSION = YES;
				CLANG_WARN_INFINITE_RECURSION = YES;
				CLANG_WARN_INT_CONVERSION = YES;
				CLANG_WARN_NON_LITERAL_NULL_CONVERSION = YES;
				CLANG_WARN_OBJC_IMPLICIT_RETAIN_SELF = YES;
				CLANG_WARN_OBJC_LITERAL_CONVERSION = YES;
				CLANG_WARN_OBJC_ROOT_CLASS = YES_ERROR;
				CLANG_WARN_QUOTED_INCLUDE_IN_FRAMEWORK_HEADER = YES;
				CLANG_WARN_RANGE_LOOP_ANALYSIS = YES;
				CLANG_WARN_STRICT_PROTOTYPES = YES;
				CLANG_WARN_SUSPICIOUS_MOVE = YES;
				CLANG_WARN_UNGUARDED_AVAILABILITY = YES_AGGRESSIVE;
				CLANG_WARN_UNREACHABLE_CODE = YES;
				CLANG_WARN__DUPLICATE_METHOD_MATCH = YES;
				COPY_PHASE_STRIP = NO;
				DEBUG_INFORMATION_FORMAT = dwarf;
				ENABLE_STRICT_OBJC_MSGSEND = YES;
				ENABLE_TESTABILITY = YES;
				GCC_C_LANGUAGE_STANDARD = gnu11;
				GCC_DYNAMIC_NO_PIC = NO;
				GCC_NO_COMMON_BLOCKS = YES;
				GCC_OPTIMIZATION_LEVEL = 0;
				GCC_PREPROCESSOR_DEFINITIONS = (
					"DEBUG=1",
					"$(inherited)",
				);
				GCC_WARN_64_TO_32_BIT_CONVERSION = YES;
				GCC_WARN_ABOUT_RETURN_TYPE = YES_ERROR;
				GCC_WARN_UNDECLARED_SELECTOR = YES;
				GCC_WARN_UNINITIALIZED_AUTOS = YES_AGGRESSIVE;
				GCC_WARN_UNUSED_FUNCTION = YES;
				GCC_WARN_UNUSED_VARIABLE = YES;
				IPHONEOS_DEPLOYMENT_TARGET = 14.0;
				MTL_ENABLE_DEBUG_INFO = INCLUDE_SOURCE;
				MTL_FAST_MATH = YES;
				ONLY_ACTIVE_ARCH = YES;
				SDKROOT = iphoneos;
				SWIFT_ACTIVE_COMPILATION_CONDITIONS = DEBUG;
				SWIFT_OPTIMIZATION_LEVEL = "-Onone";
			};
			name = Debug;
		};
		A3CFF2C8269FFAB500A26F22 /* Release */ = {
			isa = XCBuildConfiguration;
			buildSettings = {
				ALWAYS_SEARCH_USER_PATHS = NO;
				CLANG_ANALYZER_NONNULL = YES;
				CLANG_ANALYZER_NUMBER_OBJECT_CONVERSION = YES_AGGRESSIVE;
				CLANG_CXX_LANGUAGE_STANDARD = "gnu++14";
				CLANG_CXX_LIBRARY = "libc++";
				CLANG_ENABLE_MODULES = YES;
				CLANG_ENABLE_OBJC_ARC = YES;
				CLANG_ENABLE_OBJC_WEAK = YES;
				CLANG_WARN_BLOCK_CAPTURE_AUTORELEASING = YES;
				CLANG_WARN_BOOL_CONVERSION = YES;
				CLANG_WARN_COMMA = YES;
				CLANG_WARN_CONSTANT_CONVERSION = YES;
				CLANG_WARN_DEPRECATED_OBJC_IMPLEMENTATIONS = YES;
				CLANG_WARN_DIRECT_OBJC_ISA_USAGE = YES_ERROR;
				CLANG_WARN_DOCUMENTATION_COMMENTS = YES;
				CLANG_WARN_EMPTY_BODY = YES;
				CLANG_WARN_ENUM_CONVERSION = YES;
				CLANG_WARN_INFINITE_RECURSION = YES;
				CLANG_WARN_INT_CONVERSION = YES;
				CLANG_WARN_NON_LITERAL_NULL_CONVERSION = YES;
				CLANG_WARN_OBJC_IMPLICIT_RETAIN_SELF = YES;
				CLANG_WARN_OBJC_LITERAL_CONVERSION = YES;
				CLANG_WARN_OBJC_ROOT_CLASS = YES_ERROR;
				CLANG_WARN_QUOTED_INCLUDE_IN_FRAMEWORK_HEADER = YES;
				CLANG_WARN_RANGE_LOOP_ANALYSIS = YES;
				CLANG_WARN_STRICT_PROTOTYPES = YES;
				CLANG_WARN_SUSPICIOUS_MOVE = YES;
				CLANG_WARN_UNGUARDED_AVAILABILITY = YES_AGGRESSIVE;
				CLANG_WARN_UNREACHABLE_CODE = YES;
				CLANG_WARN__DUPLICATE_METHOD_MATCH = YES;
				COPY_PHASE_STRIP = NO;
				DEBUG_INFORMATION_FORMAT = "dwarf-with-dsym";
				ENABLE_NS_ASSERTIONS = NO;
				ENABLE_STRICT_OBJC_MSGSEND = YES;
				GCC_C_LANGUAGE_STANDARD = gnu11;
				GCC_NO_COMMON_BLOCKS = YES;
				GCC_WARN_64_TO_32_BIT_CONVERSION = YES;
				GCC_WARN_ABOUT_RETURN_TYPE = YES_ERROR;
				GCC_WARN_UNDECLARED_SELECTOR = YES;
				GCC_WARN_UNINITIALIZED_AUTOS = YES_AGGRESSIVE;
				GCC_WARN_UNUSED_FUNCTION = YES;
				GCC_WARN_UNUSED_VARIABLE = YES;
				IPHONEOS_DEPLOYMENT_TARGET = 14.0;
				MTL_ENABLE_DEBUG_INFO = NO;
				MTL_FAST_MATH = YES;
				SDKROOT = iphoneos;
				SWIFT_COMPILATION_MODE = wholemodule;
				SWIFT_OPTIMIZATION_LEVEL = "-O";
				VALIDATE_PRODUCT = YES;
			};
			name = Release;
		};
		A3CFF2CA269FFAB500A26F22 /* Debug */ = {
			isa = XCBuildConfiguration;
			buildSettings = {
				ASSETCATALOG_COMPILER_APPICON_NAME = AppIcon;
				ASSETCATALOG_COMPILER_GLOBAL_ACCENT_COLOR_NAME = AccentColor;
				CODE_SIGN_STYLE = Automatic;
				CURRENT_PROJECT_VERSION = 1;
				DEVELOPMENT_TEAM = 7NZG97S8X7;
				GENERATE_INFOPLIST_FILE = YES;
				INFOPLIST_FILE = FoodDraw/Resources/Info.plist;
				INFOPLIST_KEY_CFBundleDisplayName = FoodDraw;
				INFOPLIST_KEY_CFBundleExecutable = FoodDraw;
				INFOPLIST_KEY_CFBundleName = FoodDraw;
				INFOPLIST_KEY_CFBundleVersion = 1;
				INFOPLIST_KEY_UIApplicationSupportsIndirectInputEvents = YES;
				INFOPLIST_KEY_UILaunchStoryboardName = LaunchScreen;
				INFOPLIST_KEY_UISupportedInterfaceOrientations_iPad = "UIInterfaceOrientationPortrait UIInterfaceOrientationPortraitUpsideDown UIInterfaceOrientationLandscapeLeft UIInterfaceOrientationLandscapeRight";
				INFOPLIST_KEY_UISupportedInterfaceOrientations_iPhone = "UIInterfaceOrientationPortrait UIInterfaceOrientationLandscapeLeft UIInterfaceOrientationLandscapeRight";
				IPHONEOS_DEPLOYMENT_TARGET = 14.0;
				LD_RUNPATH_SEARCH_PATHS = (
					"$(inherited)",
					"@executable_path/Frameworks",
				);
				MARKETING_VERSION = 1.0;
				PRODUCT_BUNDLE_IDENTIFIER = com.hqin0066.FoodDraw;
				PRODUCT_NAME = "$(TARGET_NAME)";
				SWIFT_EMIT_LOC_STRINGS = YES;
				SWIFT_VERSION = 5.0;
				TARGETED_DEVICE_FAMILY = "1,2";
			};
			name = Debug;
		};
		A3CFF2CB269FFAB500A26F22 /* Release */ = {
			isa = XCBuildConfiguration;
			buildSettings = {
				ASSETCATALOG_COMPILER_APPICON_NAME = AppIcon;
				ASSETCATALOG_COMPILER_GLOBAL_ACCENT_COLOR_NAME = AccentColor;
				CODE_SIGN_STYLE = Automatic;
				CURRENT_PROJECT_VERSION = 1;
				DEVELOPMENT_TEAM = 7NZG97S8X7;
				GENERATE_INFOPLIST_FILE = YES;
				INFOPLIST_FILE = FoodDraw/Resources/Info.plist;
				INFOPLIST_KEY_CFBundleDisplayName = FoodDraw;
				INFOPLIST_KEY_CFBundleExecutable = FoodDraw;
				INFOPLIST_KEY_CFBundleName = FoodDraw;
				INFOPLIST_KEY_CFBundleVersion = 1;
				INFOPLIST_KEY_UIApplicationSupportsIndirectInputEvents = YES;
				INFOPLIST_KEY_UILaunchStoryboardName = LaunchScreen;
				INFOPLIST_KEY_UISupportedInterfaceOrientations_iPad = "UIInterfaceOrientationPortrait UIInterfaceOrientationPortraitUpsideDown UIInterfaceOrientationLandscapeLeft UIInterfaceOrientationLandscapeRight";
				INFOPLIST_KEY_UISupportedInterfaceOrientations_iPhone = "UIInterfaceOrientationPortrait UIInterfaceOrientationLandscapeLeft UIInterfaceOrientationLandscapeRight";
				IPHONEOS_DEPLOYMENT_TARGET = 14.0;
				LD_RUNPATH_SEARCH_PATHS = (
					"$(inherited)",
					"@executable_path/Frameworks",
				);
				MARKETING_VERSION = 1.0;
				PRODUCT_BUNDLE_IDENTIFIER = com.hqin0066.FoodDraw;
				PRODUCT_NAME = "$(TARGET_NAME)";
				SWIFT_EMIT_LOC_STRINGS = YES;
				SWIFT_VERSION = 5.0;
				TARGETED_DEVICE_FAMILY = "1,2";
			};
			name = Release;
		};
/* End XCBuildConfiguration section */

/* Begin XCConfigurationList section */
		A3CFF2B0269FFAB400A26F22 /* Build configuration list for PBXProject "FoodDraw" */ = {
			isa = XCConfigurationList;
			buildConfigurations = (
				A3CFF2C7269FFAB500A26F22 /* Debug */,
				A3CFF2C8269FFAB500A26F22 /* Release */,
			);
			defaultConfigurationIsVisible = 0;
			defaultConfigurationName = Release;
		};
		A3CFF2C9269FFAB500A26F22 /* Build configuration list for PBXNativeTarget "FoodDraw" */ = {
			isa = XCConfigurationList;
			buildConfigurations = (
				A3CFF2CA269FFAB500A26F22 /* Debug */,
				A3CFF2CB269FFAB500A26F22 /* Release */,
			);
			defaultConfigurationIsVisible = 0;
			defaultConfigurationName = Release;
		};
/* End XCConfigurationList section */
	};
	rootObject = A3CFF2AD269FFAB400A26F22 /* Project object */;
}
